
Microsoft Visual Studio Solution File, Format Version 12.00
# Visual Studio Version 17
VisualStudioVersion = 17.0.31903.59
MinimumVisualStudioVersion = 10.0.40219.1
Project("{2150E333-8FDC-42A3-9474-1A3956D46DE8}") = "src", "src", "{827E0CD3-B72D-47B6-A68D-7590B98EB39B}"
EndProject
Project("{FAE04EC0-301F-11D3-BF4B-00C04F79EFBC}") = "SmallBusinessApp.Api", "src\SmallBusinessApp.Api\SmallBusinessApp.Api.csproj", "{2C1AF0A4-F68E-466F-877B-D08E91FF74BE}"
EndProject
Project("{2150E333-8FDC-42A3-9474-1A3956D46DE8}") = "Domain", "Domain", "{8B290487-4C16-E85E-E807-F579CBE9FC4D}"
EndProject
Project("{FAE04EC0-301F-11D3-BF4B-00C04F79EFBC}") = "Domain.Core", "src\Domain\Domain.Core\Domain.Core.csproj", "{FFEBFA96-F7A1-4FEE-938C-92E52EEAABCA}"
EndProject
Project("{FAE04EC0-301F-11D3-BF4B-00C04F79EFBC}") = "Domain.HR", "src\Domain\Domain.HR\Domain.HR.csproj", "{6A8E54F5-90C1-44A9-9961-4D1A015B2B8D}"
EndProject
Project("{FAE04EC0-301F-11D3-BF4B-00C04F79EFBC}") = "Domain.TimeAttendance", "src\Domain\Domain.TimeAttendance\Domain.TimeAttendance.csproj", "{66A23E63-3C24-44CC-96CC-73C058D9DF28}"
EndProject
Project("{FAE04EC0-301F-11D3-BF4B-00C04F79EFBC}") = "Domain.Payroll", "src\Domain\Domain.Payroll\Domain.Payroll.csproj", "{760FD0E4-4C92-45DD-93A4-A308BA401500}"
EndProject
Project("{FAE04EC0-301F-11D3-BF4B-00C04F79EFBC}") = "Domain.Reports", "src\Domain\Domain.Reports\Domain.Reports.csproj", "{249D2C89-45E1-408D-A820-E18BA63E1141}"
EndProject
Project("{FAE04EC0-301F-11D3-BF4B-00C04F79EFBC}") = "Domain.Mobile", "src\Domain\Domain.Mobile\Domain.Mobile.csproj", "{7146D770-FC31-4FC4-85A5-41BAFB6F2876}"
EndProject
Project("{2150E333-8FDC-42A3-9474-1A3956D46DE8}") = "Shared", "Shared", "{C8E42992-5E42-0C2B-DBFE-AA848D06431C}"
EndProject
Project("{FAE04EC0-301F-11D3-BF4B-00C04F79EFBC}") = "Shared.Kernel", "src\Shared\Shared.Kernel\Shared.Kernel.csproj", "{C98D29D0-DEFF-4E1C-890D-08689FCEC09F}"
EndProject
Project("{FAE04EC0-301F-11D3-BF4B-00C04F79EFBC}") = "Shared.Security", "src\Shared\Shared.Security\Shared.Security.csproj", "{4FD91630-0A30-4723-ABAC-4E43B8465C08}"
EndProject
Global
	GlobalSection(SolutionConfigurationPlatforms) = preSolution
		Debug|Any CPU = Debug|Any CPU
		Debug|x64 = Debug|x64
		Debug|x86 = Debug|x86
		Release|Any CPU = Release|Any CPU
		Release|x64 = Release|x64
		Release|x86 = Release|x86
	EndGlobalSection
	GlobalSection(ProjectConfigurationPlatforms) = postSolution
		{2C1AF0A4-F68E-466F-877B-D08E91FF74BE}.Debug|Any CPU.ActiveCfg = Debug|Any CPU
		{2C1AF0A4-F68E-466F-877B-D08E91FF74BE}.Debug|Any CPU.Build.0 = Debug|Any CPU
		{2C1AF0A4-F68E-466F-877B-D08E91FF74BE}.Debug|x64.ActiveCfg = Debug|Any CPU
		{2C1AF0A4-F68E-466F-877B-D08E91FF74BE}.Debug|x64.Build.0 = Debug|Any CPU
		{2C1AF0A4-F68E-466F-877B-D08E91FF74BE}.Debug|x86.ActiveCfg = Debug|Any CPU
		{2C1AF0A4-F68E-466F-877B-D08E91FF74BE}.Debug|x86.Build.0 = Debug|Any CPU
		{2C1AF0A4-F68E-466F-877B-D08E91FF74BE}.Release|Any CPU.ActiveCfg = Release|Any CPU
		{2C1AF0A4-F68E-466F-877B-D08E91FF74BE}.Release|Any CPU.Build.0 = Release|Any CPU
		{2C1AF0A4-F68E-466F-877B-D08E91FF74BE}.Release|x64.ActiveCfg = Release|Any CPU
		{2C1AF0A4-F68E-466F-877B-D08E91FF74BE}.Release|x64.Build.0 = Release|Any CPU
		{2C1AF0A4-F68E-466F-877B-D08E91FF74BE}.Release|x86.ActiveCfg = Release|Any CPU
		{2C1AF0A4-F68E-466F-877B-D08E91FF74BE}.Release|x86.Build.0 = Release|Any CPU
		{FFEBFA96-F7A1-4FEE-938C-92E52EEAABCA}.Debug|Any CPU.ActiveCfg = Debug|Any CPU
		{FFEBFA96-F7A1-4FEE-938C-92E52EEAABCA}.Debug|Any CPU.Build.0 = Debug|Any CPU
		{FFEBFA96-F7A1-4FEE-938C-92E52EEAABCA}.Debug|x64.ActiveCfg = Debug|Any CPU
		{FFEBFA96-F7A1-4FEE-938C-92E52EEAABCA}.Debug|x64.Build.0 = Debug|Any CPU
		{FFEBFA96-F7A1-4FEE-938C-92E52EEAABCA}.Debug|x86.ActiveCfg = Debug|Any CPU
		{FFEBFA96-F7A1-4FEE-938C-92E52EEAABCA}.Debug|x86.Build.0 = Debug|Any CPU
		{FFEBFA96-F7A1-4FEE-938C-92E52EEAABCA}.Release|Any CPU.ActiveCfg = Release|Any CPU
		{FFEBFA96-F7A1-4FEE-938C-92E52EEAABCA}.Release|Any CPU.Build.0 = Release|Any CPU
		{FFEBFA96-F7A1-4FEE-938C-92E52EEAABCA}.Release|x64.ActiveCfg = Release|Any CPU
		{FFEBFA96-F7A1-4FEE-938C-92E52EEAABCA}.Release|x64.Build.0 = Release|Any CPU
		{FFEBFA96-F7A1-4FEE-938C-92E52EEAABCA}.Release|x86.ActiveCfg = Release|Any CPU
		{FFEBFA96-F7A1-4FEE-938C-92E52EEAABCA}.Release|x86.Build.0 = Release|Any CPU
		{6A8E54F5-90C1-44A9-9961-4D1A015B2B8D}.Debug|Any CPU.ActiveCfg = Debug|Any CPU
		{6A8E54F5-90C1-44A9-9961-4D1A015B2B8D}.Debug|Any CPU.Build.0 = Debug|Any CPU
		{6A8E54F5-90C1-44A9-9961-4D1A015B2B8D}.Debug|x64.ActiveCfg = Debug|Any CPU
		{6A8E54F5-90C1-44A9-9961-4D1A015B2B8D}.Debug|x64.Build.0 = Debug|Any CPU
		{6A8E54F5-90C1-44A9-9961-4D1A015B2B8D}.Debug|x86.ActiveCfg = Debug|Any CPU
		{6A8E54F5-90C1-44A9-9961-4D1A015B2B8D}.Debug|x86.Build.0 = Debug|Any CPU
		{6A8E54F5-90C1-44A9-9961-4D1A015B2B8D}.Release|Any CPU.ActiveCfg = Release|Any CPU
		{6A8E54F5-90C1-44A9-9961-4D1A015B2B8D}.Release|Any CPU.Build.0 = Release|Any CPU
		{6A8E54F5-90C1-44A9-9961-4D1A015B2B8D}.Release|x64.ActiveCfg = Release|Any CPU
		{6A8E54F5-90C1-44A9-9961-4D1A015B2B8D}.Release|x64.Build.0 = Release|Any CPU
		{6A8E54F5-90C1-44A9-9961-4D1A015B2B8D}.Release|x86.ActiveCfg = Release|Any CPU
		{6A8E54F5-90C1-44A9-9961-4D1A015B2B8D}.Release|x86.Build.0 = Release|Any CPU
		{66A23E63-3C24-44CC-96CC-73C058D9DF28}.Debug|Any CPU.ActiveCfg = Debug|Any CPU
		{66A23E63-3C24-44CC-96CC-73C058D9DF28}.Debug|Any CPU.Build.0 = Debug|Any CPU
		{66A23E63-3C24-44CC-96CC-73C058D9DF28}.Debug|x64.ActiveCfg = Debug|Any CPU
		{66A23E63-3C24-44CC-96CC-73C058D9DF28}.Debug|x64.Build.0 = Debug|Any CPU
		{66A23E63-3C24-44CC-96CC-73C058D9DF28}.Debug|x86.ActiveCfg = Debug|Any CPU
		{66A23E63-3C24-44CC-96CC-73C058D9DF28}.Debug|x86.Build.0 = Debug|Any CPU
		{66A23E63-3C24-44CC-96CC-73C058D9DF28}.Release|Any CPU.ActiveCfg = Release|Any CPU
		{66A23E63-3C24-44CC-96CC-73C058D9DF28}.Release|Any CPU.Build.0 = Release|Any CPU
		{66A23E63-3C24-44CC-96CC-73C058D9DF28}.Release|x64.ActiveCfg = Release|Any CPU
		{66A23E63-3C24-44CC-96CC-73C058D9DF28}.Release|x64.Build.0 = Release|Any CPU
		{66A23E63-3C24-44CC-96CC-73C058D9DF28}.Release|x86.ActiveCfg = Release|Any CPU
		{66A23E63-3C24-44CC-96CC-73C058D9DF28}.Release|x86.Build.0 = Release|Any CPU
		{760FD0E4-4C92-45DD-93A4-A308BA401500}.Debug|Any CPU.ActiveCfg = Debug|Any CPU
		{760FD0E4-4C92-45DD-93A4-A308BA401500}.Debug|Any CPU.Build.0 = Debug|Any CPU
		{760FD0E4-4C92-45DD-93A4-A308BA401500}.Debug|x64.ActiveCfg = Debug|Any CPU
		{760FD0E4-4C92-45DD-93A4-A308BA401500}.Debug|x64.Build.0 = Debug|Any CPU
		{760FD0E4-4C92-45DD-93A4-A308BA401500}.Debug|x86.ActiveCfg = Debug|Any CPU
		{760FD0E4-4C92-45DD-93A4-A308BA401500}.Debug|x86.Build.0 = Debug|Any CPU
		{760FD0E4-4C92-45DD-93A4-A308BA401500}.Release|Any CPU.ActiveCfg = Release|Any CPU
		{760FD0E4-4C92-45DD-93A4-A308BA401500}.Release|Any CPU.Build.0 = Release|Any CPU
		{760FD0E4-4C92-45DD-93A4-A308BA401500}.Release|x64.ActiveCfg = Release|Any CPU
		{760FD0E4-4C92-45DD-93A4-A308BA401500}.Release|x64.Build.0 = Release|Any CPU
		{760FD0E4-4C92-45DD-93A4-A308BA401500}.Release|x86.ActiveCfg = Release|Any CPU
		{760FD0E4-4C92-45DD-93A4-A308BA401500}.Release|x86.Build.0 = Release|Any CPU
		{249D2C89-45E1-408D-A820-E18BA63E1141}.Debug|Any CPU.ActiveCfg = Debug|Any CPU
		{249D2C89-45E1-408D-A820-E18BA63E1141}.Debug|Any CPU.Build.0 = Debug|Any CPU
		{249D2C89-45E1-408D-A820-E18BA63E1141}.Debug|x64.ActiveCfg = Debug|Any CPU
		{249D2C89-45E1-408D-A820-E18BA63E1141}.Debug|x64.Build.0 = Debug|Any CPU
		{249D2C89-45E1-408D-A820-E18BA63E1141}.Debug|x86.ActiveCfg = Debug|Any CPU
		{249D2C89-45E1-408D-A820-E18BA63E1141}.Debug|x86.Build.0 = Debug|Any CPU
		{249D2C89-45E1-408D-A820-E18BA63E1141}.Release|Any CPU.ActiveCfg = Release|Any CPU
		{249D2C89-45E1-408D-A820-E18BA63E1141}.Release|Any CPU.Build.0 = Release|Any CPU
		{249D2C89-45E1-408D-A820-E18BA63E1141}.Release|x64.ActiveCfg = Release|Any CPU
		{249D2C89-45E1-408D-A820-E18BA63E1141}.Release|x64.Build.0 = Release|Any CPU
		{249D2C89-45E1-408D-A820-E18BA63E1141}.Release|x86.ActiveCfg = Release|Any CPU
		{249D2C89-45E1-408D-A820-E18BA63E1141}.Release|x86.Build.0 = Release|Any CPU
		{7146D770-FC31-4FC4-85A5-41BAFB6F2876}.Debug|Any CPU.ActiveCfg = Debug|Any CPU
		{7146D770-FC31-4FC4-85A5-41BAFB6F2876}.Debug|Any CPU.Build.0 = Debug|Any CPU
		{7146D770-FC31-4FC4-85A5-41BAFB6F2876}.Debug|x64.ActiveCfg = Debug|Any CPU
		{7146D770-FC31-4FC4-85A5-41BAFB6F2876}.Debug|x64.Build.0 = Debug|Any CPU
		{7146D770-FC31-4FC4-85A5-41BAFB6F2876}.Debug|x86.ActiveCfg = Debug|Any CPU
		{7146D770-FC31-4FC4-85A5-41BAFB6F2876}.Debug|x86.Build.0 = Debug|Any CPU
		{7146D770-FC31-4FC4-85A5-41BAFB6F2876}.Release|Any CPU.ActiveCfg = Release|Any CPU
		{7146D770-FC31-4FC4-85A5-41BAFB6F2876}.Release|Any CPU.Build.0 = Release|Any CPU
		{7146D770-FC31-4FC4-85A5-41BAFB6F2876}.Release|x64.ActiveCfg = Release|Any CPU
		{7146D770-FC31-4FC4-85A5-41BAFB6F2876}.Release|x64.Build.0 = Release|Any CPU
		{7146D770-FC31-4FC4-85A5-41BAFB6F2876}.Release|x86.ActiveCfg = Release|Any CPU
		{7146D770-FC31-4FC4-85A5-41BAFB6F2876}.Release|x86.Build.0 = Release|Any CPU
		{C98D29D0-DEFF-4E1C-890D-08689FCEC09F}.Debug|Any CPU.ActiveCfg = Debug|Any CPU
		{C98D29D0-DEFF-4E1C-890D-08689FCEC09F}.Debug|Any CPU.Build.0 = Debug|Any CPU
		{C98D29D0-DEFF-4E1C-890D-08689FCEC09F}.Debug|x64.ActiveCfg = Debug|Any CPU
		{C98D29D0-DEFF-4E1C-890D-08689FCEC09F}.Debug|x64.Build.0 = Debug|Any CPU
		{C98D29D0-DEFF-4E1C-890D-08689FCEC09F}.Debug|x86.ActiveCfg = Debug|Any CPU
		{C98D29D0-DEFF-4E1C-890D-08689FCEC09F}.Debug|x86.Build.0 = Debug|Any CPU
		{C98D29D0-DEFF-4E1C-890D-08689FCEC09F}.Release|Any CPU.ActiveCfg = Release|Any CPU
		{C98D29D0-DEFF-4E1C-890D-08689FCEC09F}.Release|Any CPU.Build.0 = Release|Any CPU
		{C98D29D0-DEFF-4E1C-890D-08689FCEC09F}.Release|x64.ActiveCfg = Release|Any CPU
		{C98D29D0-DEFF-4E1C-890D-08689FCEC09F}.Release|x64.Build.0 = Release|Any CPU
		{C98D29D0-DEFF-4E1C-890D-08689FCEC09F}.Release|x86.ActiveCfg = Release|Any CPU
		{C98D29D0-DEFF-4E1C-890D-08689FCEC09F}.Release|x86.Build.0 = Release|Any CPU
		{4FD91630-0A30-4723-ABAC-4E43B8465C08}.Debug|Any CPU.ActiveCfg = Debug|Any CPU
		{4FD91630-0A30-4723-ABAC-4E43B8465C08}.Debug|Any CPU.Build.0 = Debug|Any CPU
		{4FD91630-0A30-4723-ABAC-4E43B8465C08}.Debug|x64.ActiveCfg = Debug|Any CPU
		{4FD91630-0A30-4723-ABAC-4E43B8465C08}.Debug|x64.Build.0 = Debug|Any CPU
		{4FD91630-0A30-4723-ABAC-4E43B8465C08}.Debug|x86.ActiveCfg = Debug|Any CPU
		{4FD91630-0A30-4723-ABAC-4E43B8465C08}.Debug|x86.Build.0 = Debug|Any CPU
		{4FD91630-0A30-4723-ABAC-4E43B8465C08}.Release|Any CPU.ActiveCfg = Release|Any CPU
		{4FD91630-0A30-4723-ABAC-4E43B8465C08}.Release|Any CPU.Build.0 = Release|Any CPU
		{4FD91630-0A30-4723-ABAC-4E43B8465C08}.Release|x64.ActiveCfg = Release|Any CPU
		{4FD91630-0A30-4723-ABAC-4E43B8465C08}.Release|x64.Build.0 = Release|Any CPU
		{4FD91630-0A30-4723-ABAC-4E43B8465C08}.Release|x86.ActiveCfg = Release|Any CPU
		{4FD91630-0A30-4723-ABAC-4E43B8465C08}.Release|x86.Build.0 = Release|Any CPU
	EndGlobalSection
	GlobalSection(SolutionProperties) = preSolution
		HideSolutionNode = FALSE
	EndGlobalSection
	GlobalSection(NestedProjects) = preSolution
		{2C1AF0A4-F68E-466F-877B-D08E91FF74BE} = {827E0CD3-B72D-47B6-A68D-7590B98EB39B}
		{8B290487-4C16-E85E-E807-F579CBE9FC4D} = {827E0CD3-B72D-47B6-A68D-7590B98EB39B}
		{FFEBFA96-F7A1-4FEE-938C-92E52EEAABCA} = {8B290487-4C16-E85E-E807-F579CBE9FC4D}
		{6A8E54F5-90C1-44A9-9961-4D1A015B2B8D} = {8B290487-4C16-E85E-E807-F579CBE9FC4D}
		{66A23E63-3C24-44CC-96CC-73C058D9DF28} = {8B290487-4C16-E85E-E807-F579CBE9FC4D}
		{760FD0E4-4C92-45DD-93A4-A308BA401500} = {8B290487-4C16-E85E-E807-F579CBE9FC4D}
		{249D2C89-45E1-408D-A820-E18BA63E1141} = {8B290487-4C16-E85E-E807-F579CBE9FC4D}
		{7146D770-FC31-4FC4-85A5-41BAFB6F2876} = {8B290487-4C16-E85E-E807-F579CBE9FC4D}
		{C8E42992-5E42-0C2B-DBFE-AA848D06431C} = {827E0CD3-B72D-47B6-A68D-7590B98EB39B}
		{C98D29D0-DEFF-4E1C-890D-08689FCEC09F} = {C8E42992-5E42-0C2B-DBFE-AA848D06431C}
		{4FD91630-0A30-4723-ABAC-4E43B8465C08} = {C8E42992-5E42-0C2B-DBFE-AA848D06431C}
	EndGlobalSection
EndGlobal
